PODS:
  - Alamofire (4.4.0)
  - AlamofireObjectMapper (4.1.0):
    - Alamofire (~> 4.1)
    - ObjectMapper (~> 2.0)
  - FSOAuth (1.2.1)
  - GoogleMaps (2.2.0):
    - GoogleMaps/Maps (= 2.2.0)
  - GoogleMaps/Base (2.2.0)
  - GoogleMaps/Maps (2.2.0):
    - GoogleMaps/Base
  - ObjectMapper (2.2.9)
  - PageMenu (2.0.0)
  - Realm (2.2.0):
    - Realm/Headers (= 2.2.0)
  - Realm/Headers (2.2.0)
  - RealmSwift (2.2.0):
    - Realm (= 2.2.0)
  - SDWebImage (4.0.0):
    - SDWebImage/Core (= 4.0.0)
  - SDWebImage/Core (4.0.0)
  - SnapKit (3.2.0)
  - SVPullToRefresh (0.4.1)
  - SwiftUtils (2.1.1)

DEPENDENCIES:
  - Alamofire (~> 4.4.0)
  - AlamofireObjectMapper (~> 4.1.0)
  - FSOAuth (~> 1.2.1)
  - GoogleMaps (~> 2.2.0)
  - PageMenu (~> 2.0.0)
  - RealmSwift (~> 2.2.0)
  - SDWebImage (~> 4.0.0)
  - SnapKit (~> 3.2.0)
  - SVPullToRefresh (~> 0.4.1)
  - SwiftUtils (~> 2.1.1)

SPEC CHECKSUMS:
  Alamofire: dc44b1600b800eb63da6a19039a0083d62a6a62d
  AlamofireObjectMapper: 435adc82f5b367679bd9e71c4974a54efd0b2521
  FSOAuth: abf5dc97e90d1da4cb6e04305653998088a223b3
  GoogleMaps: 104c418d61ab8a05dff06ed0784c25ea9d37da45
  ObjectMapper: 63cfe41bc6f8e7c8f44344c49901b8ae7de14c52
  PageMenu: 9c38fd7e0d9ef4b1408320f55bb907bbc0e538dc
  Realm: d95b8fb34c83f1e764b66d319277a62c2b6e4bf5
  RealmSwift: a4fa52d06e946a32ec746b3388374f742e6b8731
  SDWebImage: 76a6348bdc74eb5a55dd08a091ef298e56b55e41
  SnapKit: 1ca44df72cfa543218d177cb8aab029d10d86ea7
  SVPullToRefresh: ba2e718695a43253d8bea6852d2960097dc15d8c
  SwiftUtils: 3f79be4fec34ac8b7c95d2ec15c9feebe81f1fc1

PODFILE CHECKSUM: be406b6f6d329853bb50abdca4fb8bfe901f5583

COCOAPODS: 1.3.1
